
Microsoft Visual Studio Solution File, Format Version 12.00
# Visual Studio Version 16
VisualStudioVersion = 16.0.31424.327
MinimumVisualStudioVersion = 10.0.40219.1
Project("{FAE04EC0-301F-11D3-BF4B-00C04F79EFBC}") = "TicketTracingSystemApp", "TicketTracingSystemApp\TicketTracingSystemApp.csproj", "{819CA29B-DD62-45AE-8FC0-705860ED3599}"
EndProject
Global
	GlobalSection(SolutionConfigurationPlatforms) = preSolution
		Debug|Any CPU = Debug|Any CPU
		Release|Any CPU = Release|Any CPU
	EndGlobalSection
	GlobalSection(ProjectConfigurationPlatforms) = postSolution
		{819CA29B-DD62-45AE-8FC0-705860ED3599}.Debug|Any CPU.ActiveCfg = Debug|Any CPU
		{819CA29B-DD62-45AE-8FC0-705860ED3599}.Debug|Any CPU.Build.0 = Debug|Any CPU
		{819CA29B-DD62-45AE-8FC0-705860ED3599}.Release|Any CPU.ActiveCfg = Release|Any CPU
		{819CA29B-DD62-45AE-8FC0-705860ED3599}.Release|Any CPU.Build.0 = Release|Any CPU
	EndGlobalSection
	GlobalSection(SolutionProperties) = preSolution
		HideSolutionNode = FALSE
	EndGlobalSection
	GlobalSection(ExtensibilityGlobals) = postSolution
		SolutionGuid = {D484F099-1EE1-4D3E-BD3F-B91AEAF9D358}
	EndGlobalSection
EndGlobal
